
Microsoft Visual Studio Solution File, Format Version 12.00
# Visual Studio Version 16
VisualStudioVersion = 16.0.30114.105
MinimumVisualStudioVersion = 10.0.40219.1
Project("{FAE04EC0-301F-11D3-BF4B-00C04F79EFBC}") = "MyClassLibrary", "MyClassLibrary\MyClassLibrary.csproj", "{A9AD5E55-2ABB-40B1-BAF6-AC9C88683712}"
EndProject
Project("{FAE04EC0-301F-11D3-BF4B-00C04F79EFBC}") = "Tests", "Tests\Tests.csproj", "{9C3CBD1D-28D1-43B6-B4CA-BAFD7C68DB3C}"
EndProject
Project("{FAE04EC0-301F-11D3-BF4B-00C04F79EFBC}") = "Zadacha_66", "Zadacha_66\Zadacha_66.csproj", "{F95E32EB-7A15-4ECE-A7B9-F9823486049F}"
EndProject
Project("{FAE04EC0-301F-11D3-BF4B-00C04F79EFBC}") = "Zadacha_64", "Zadacha_64\Zadacha_64.csproj", "{900D7547-0241-4D23-AF9C-5C401B751522}"
EndProject
Project("{FAE04EC0-301F-11D3-BF4B-00C04F79EFBC}") = "Zadacha_68", "Zadacha_68\Zadacha_68.csproj", "{0344910F-3464-4BBF-9F5E-73D895519C7F}"
EndProject
Global
	GlobalSection(SolutionProperties) = preSolution
		HideSolutionNode = FALSE
	EndGlobalSection
	GlobalSection(SolutionConfigurationPlatforms) = preSolution
		Debug|Any CPU = Debug|Any CPU
		Debug|x64 = Debug|x64
		Debug|x86 = Debug|x86
		Release|Any CPU = Release|Any CPU
		Release|x64 = Release|x64
		Release|x86 = Release|x86
	EndGlobalSection
	GlobalSection(ProjectConfigurationPlatforms) = postSolution
		{A9AD5E55-2ABB-40B1-BAF6-AC9C88683712}.Debug|Any CPU.ActiveCfg = Debug|Any CPU
		{A9AD5E55-2ABB-40B1-BAF6-AC9C88683712}.Debug|Any CPU.Build.0 = Debug|Any CPU
		{A9AD5E55-2ABB-40B1-BAF6-AC9C88683712}.Debug|x64.ActiveCfg = Debug|Any CPU
		{A9AD5E55-2ABB-40B1-BAF6-AC9C88683712}.Debug|x64.Build.0 = Debug|Any CPU
		{A9AD5E55-2ABB-40B1-BAF6-AC9C88683712}.Debug|x86.ActiveCfg = Debug|Any CPU
		{A9AD5E55-2ABB-40B1-BAF6-AC9C88683712}.Debug|x86.Build.0 = Debug|Any CPU
		{A9AD5E55-2ABB-40B1-BAF6-AC9C88683712}.Release|Any CPU.ActiveCfg = Release|Any CPU
		{A9AD5E55-2ABB-40B1-BAF6-AC9C88683712}.Release|Any CPU.Build.0 = Release|Any CPU
		{A9AD5E55-2ABB-40B1-BAF6-AC9C88683712}.Release|x64.ActiveCfg = Release|Any CPU
		{A9AD5E55-2ABB-40B1-BAF6-AC9C88683712}.Release|x64.Build.0 = Release|Any CPU
		{A9AD5E55-2ABB-40B1-BAF6-AC9C88683712}.Release|x86.ActiveCfg = Release|Any CPU
		{A9AD5E55-2ABB-40B1-BAF6-AC9C88683712}.Release|x86.Build.0 = Release|Any CPU
		{9C3CBD1D-28D1-43B6-B4CA-BAFD7C68DB3C}.Debug|Any CPU.ActiveCfg = Debug|Any CPU
		{9C3CBD1D-28D1-43B6-B4CA-BAFD7C68DB3C}.Debug|Any CPU.Build.0 = Debug|Any CPU
		{9C3CBD1D-28D1-43B6-B4CA-BAFD7C68DB3C}.Debug|x64.ActiveCfg = Debug|Any CPU
		{9C3CBD1D-28D1-43B6-B4CA-BAFD7C68DB3C}.Debug|x64.Build.0 = Debug|Any CPU
		{9C3CBD1D-28D1-43B6-B4CA-BAFD7C68DB3C}.Debug|x86.ActiveCfg = Debug|Any CPU
		{9C3CBD1D-28D1-43B6-B4CA-BAFD7C68DB3C}.Debug|x86.Build.0 = Debug|Any CPU
		{9C3CBD1D-28D1-43B6-B4CA-BAFD7C68DB3C}.Release|Any CPU.ActiveCfg = Release|Any CPU
		{9C3CBD1D-28D1-43B6-B4CA-BAFD7C68DB3C}.Release|Any CPU.Build.0 = Release|Any CPU
		{9C3CBD1D-28D1-43B6-B4CA-BAFD7C68DB3C}.Release|x64.ActiveCfg = Release|Any CPU
		{9C3CBD1D-28D1-43B6-B4CA-BAFD7C68DB3C}.Release|x64.Build.0 = Release|Any CPU
		{9C3CBD1D-28D1-43B6-B4CA-BAFD7C68DB3C}.Release|x86.ActiveCfg = Release|Any CPU
		{9C3CBD1D-28D1-43B6-B4CA-BAFD7C68DB3C}.Release|x86.Build.0 = Release|Any CPU
		{F95E32EB-7A15-4ECE-A7B9-F9823486049F}.Debug|Any CPU.ActiveCfg = Debug|Any CPU
		{F95E32EB-7A15-4ECE-A7B9-F9823486049F}.Debug|Any CPU.Build.0 = Debug|Any CPU
		{F95E32EB-7A15-4ECE-A7B9-F9823486049F}.Debug|x64.ActiveCfg = Debug|Any CPU
		{F95E32EB-7A15-4ECE-A7B9-F9823486049F}.Debug|x64.Build.0 = Debug|Any CPU
		{F95E32EB-7A15-4ECE-A7B9-F9823486049F}.Debug|x86.ActiveCfg = Debug|Any CPU
		{F95E32EB-7A15-4ECE-A7B9-F9823486049F}.Debug|x86.Build.0 = Debug|Any CPU
		{F95E32EB-7A15-4ECE-A7B9-F9823486049F}.Release|Any CPU.ActiveCfg = Release|Any CPU
		{F95E32EB-7A15-4ECE-A7B9-F9823486049F}.Release|Any CPU.Build.0 = Release|Any CPU
		{F95E32EB-7A15-4ECE-A7B9-F9823486049F}.Release|x64.ActiveCfg = Release|Any CPU
		{F95E32EB-7A15-4ECE-A7B9-F9823486049F}.Release|x64.Build.0 = Release|Any CPU
		{F95E32EB-7A15-4ECE-A7B9-F9823486049F}.Release|x86.ActiveCfg = Release|Any CPU
		{F95E32EB-7A15-4ECE-A7B9-F9823486049F}.Release|x86.Build.0 = Release|Any CPU
		{900D7547-0241-4D23-AF9C-5C401B751522}.Debug|Any CPU.ActiveCfg = Debug|Any CPU
		{900D7547-0241-4D23-AF9C-5C401B751522}.Debug|Any CPU.Build.0 = Debug|Any CPU
		{900D7547-0241-4D23-AF9C-5C401B751522}.Debug|x64.ActiveCfg = Debug|Any CPU
		{900D7547-0241-4D23-AF9C-5C401B751522}.Debug|x64.Build.0 = Debug|Any CPU
		{900D7547-0241-4D23-AF9C-5C401B751522}.Debug|x86.ActiveCfg = Debug|Any CPU
		{900D7547-0241-4D23-AF9C-5C401B751522}.Debug|x86.Build.0 = Debug|Any CPU
		{900D7547-0241-4D23-AF9C-5C401B751522}.Release|Any CPU.ActiveCfg = Release|Any CPU
		{900D7547-0241-4D23-AF9C-5C401B751522}.Release|Any CPU.Build.0 = Release|Any CPU
		{900D7547-0241-4D23-AF9C-5C401B751522}.Release|x64.ActiveCfg = Release|Any CPU
		{900D7547-0241-4D23-AF9C-5C401B751522}.Release|x64.Build.0 = Release|Any CPU
		{900D7547-0241-4D23-AF9C-5C401B751522}.Release|x86.ActiveCfg = Release|Any CPU
		{900D7547-0241-4D23-AF9C-5C401B751522}.Release|x86.Build.0 = Release|Any CPU
		{0344910F-3464-4BBF-9F5E-73D895519C7F}.Debug|Any CPU.ActiveCfg = Debug|Any CPU
		{0344910F-3464-4BBF-9F5E-73D895519C7F}.Debug|Any CPU.Build.0 = Debug|Any CPU
		{0344910F-3464-4BBF-9F5E-73D895519C7F}.Debug|x64.ActiveCfg = Debug|Any CPU
		{0344910F-3464-4BBF-9F5E-73D895519C7F}.Debug|x64.Build.0 = Debug|Any CPU
		{0344910F-3464-4BBF-9F5E-73D895519C7F}.Debug|x86.ActiveCfg = Debug|Any CPU
		{0344910F-3464-4BBF-9F5E-73D895519C7F}.Debug|x86.Build.0 = Debug|Any CPU
		{0344910F-3464-4BBF-9F5E-73D895519C7F}.Release|Any CPU.ActiveCfg = Release|Any CPU
		{0344910F-3464-4BBF-9F5E-73D895519C7F}.Release|Any CPU.Build.0 = Release|Any CPU
		{0344910F-3464-4BBF-9F5E-73D895519C7F}.Release|x64.ActiveCfg = Release|Any CPU
		{0344910F-3464-4BBF-9F5E-73D895519C7F}.Release|x64.Build.0 = Release|Any CPU
		{0344910F-3464-4BBF-9F5E-73D895519C7F}.Release|x86.ActiveCfg = Release|Any CPU
		{0344910F-3464-4BBF-9F5E-73D895519C7F}.Release|x86.Build.0 = Release|Any CPU
	EndGlobalSection
EndGlobal
